{
  "name": "ToniesLanding",
  "lockfileVersion": 2,
  "requires": true,
  "packages": {
    "": {
      "dependencies": {
        "pocketbase": "^0.12.1"
      }
    },
    "node_modules/pocketbase": {
      "version": "0.12.1",
      "resolved": "https://registry.npmjs.org/pocketbase/-/pocketbase-0.12.1.tgz",
      "integrity": "sha512-kihThVla/JontCGA2zVGuxk1vWtz/yt7FqnL241oxd+w7RBVNzLIRKN6GolnY9DGOekNmFRb57CL24sbUm4wJA=="
    }
  },
  "dependencies": {
    "pocketbase": {
      "version": "0.12.1",
      "resolved": "https://registry.npmjs.org/pocketbase/-/pocketbase-0.12.1.tgz",
      "integrity": "sha512-kihThVla/JontCGA2zVGuxk1vWtz/yt7FqnL241oxd+w7RBVNzLIRKN6GolnY9DGOekNmFRb57CL24sbUm4wJA=="
    }
  }
}
